
Microsoft Visual Studio Solution File, Format Version 12.00
# Visual Studio Version 17
VisualStudioVersion = 17.9.34701.34
MinimumVisualStudioVersion = 10.0.40219.1
Project("{8BC9CEB8-8B4A-11D0-8D11-00A0C91BC942}") = "StrypesLab2024_FinalProject", "StrypesLab2024_FinalProject.vcxproj", "{FF847E37-8F51-426B-A643-D7991CD4BD2B}"
EndProject
Global
	GlobalSection(SolutionConfigurationPlatforms) = preSolution
		Debug|x64 = Debug|x64
		Debug|x86 = Debug|x86
		Release|x64 = Release|x64
		Release|x86 = Release|x86
	EndGlobalSection
	GlobalSection(ProjectConfigurationPlatforms) = postSolution
		{FF847E37-8F51-426B-A643-D7991CD4BD2B}.Debug|x64.ActiveCfg = Debug|x64
		{FF847E37-8F51-426B-A643-D7991CD4BD2B}.Debug|x64.Build.0 = Debug|x64
		{FF847E37-8F51-426B-A643-D7991CD4BD2B}.Debug|x86.ActiveCfg = Debug|Win32
		{FF847E37-8F51-426B-A643-D7991CD4BD2B}.Debug|x86.Build.0 = Debug|Win32
		{FF847E37-8F51-426B-A643-D7991CD4BD2B}.Release|x64.ActiveCfg = Release|x64
		{FF847E37-8F51-426B-A643-D7991CD4BD2B}.Release|x64.Build.0 = Release|x64
		{FF847E37-8F51-426B-A643-D7991CD4BD2B}.Release|x86.ActiveCfg = Release|Win32
		{FF847E37-8F51-426B-A643-D7991CD4BD2B}.Release|x86.Build.0 = Release|Win32
	EndGlobalSection
	GlobalSection(SolutionProperties) = preSolution
		HideSolutionNode = FALSE
	EndGlobalSection
	GlobalSection(ExtensibilityGlobals) = postSolution
		SolutionGuid = {44E3F541-6656-4262-BC14-43701F70233A}
	EndGlobalSection
EndGlobal
